
Microsoft Visual Studio Solution File, Format Version 12.00
# Visual Studio Version 17
VisualStudioVersion = 17.14.37012.4 d17.14
MinimumVisualStudioVersion = 10.0.40219.1
Project("{FAE04EC0-301F-11D3-BF4B-00C04F79EFBC}") = "Knowpals-fe-web", "Knowpals-fe-web.csproj", "{39C80EF1-B1C7-4074-A18E-0F16A8EFFCF4}"
EndProject
Global
	GlobalSection(SolutionConfigurationPlatforms) = preSolution
		Debug|Any CPU = Debug|Any CPU
		Release|Any CPU = Release|Any CPU
	EndGlobalSection
	GlobalSection(ProjectConfigurationPlatforms) = postSolution
		{39C80EF1-B1C7-4074-A18E-0F16A8EFFCF4}.Debug|Any CPU.ActiveCfg = Debug|Any CPU
		{39C80EF1-B1C7-4074-A18E-0F16A8EFFCF4}.Debug|Any CPU.Build.0 = Debug|Any CPU
		{39C80EF1-B1C7-4074-A18E-0F16A8EFFCF4}.Release|Any CPU.ActiveCfg = Release|Any CPU
		{39C80EF1-B1C7-4074-A18E-0F16A8EFFCF4}.Release|Any CPU.Build.0 = Release|Any CPU
	EndGlobalSection
	GlobalSection(SolutionProperties) = preSolution
		HideSolutionNode = FALSE
	EndGlobalSection
	GlobalSection(ExtensibilityGlobals) = postSolution
		SolutionGuid = {1627A6F2-42F5-4FB8-8877-5E61AC64BE76}
	EndGlobalSection
EndGlobal
